
Microsoft Visual Studio Solution File, Format Version 11.00
# Visual Studio 2010
Project("{FAE04EC0-301F-11D3-BF4B-00C04F79EFBC}") = "Assembly-CSharp", "Assembly-CSharp.csproj", "{C53A2C36-84EF-B7DB-5C3C-BA5A607B15BE}"
EndProject
Global
	GlobalSection(SolutionConfigurationPlatforms) = preSolution
		Debug|Any CPU = Debug|Any CPU
		Release|Any CPU = Release|Any CPU
	EndGlobalSection
	GlobalSection(ProjectConfigurationPlatforms) = postSolution
		{C53A2C36-84EF-B7DB-5C3C-BA5A607B15BE}.Debug|Any CPU.ActiveCfg = Debug|Any CPU
		{C53A2C36-84EF-B7DB-5C3C-BA5A607B15BE}.Debug|Any CPU.Build.0 = Debug|Any CPU
		{C53A2C36-84EF-B7DB-5C3C-BA5A607B15BE}.Release|Any CPU.ActiveCfg = Release|Any CPU
		{C53A2C36-84EF-B7DB-5C3C-BA5A607B15BE}.Release|Any CPU.Build.0 = Release|Any CPU
	EndGlobalSection
	GlobalSection(SolutionProperties) = preSolution
		HideSolutionNode = FALSE
	EndGlobalSection
	GlobalSection(MonoDevelopProperties) = preSolution
		StartupItem = Assembly-CSharp.csproj
	EndGlobalSection
EndGlobal
